// !$*UTF8*$!
{
	archiveVersion = 1;
	classes = {
	};
	objectVersion = 55;
	objects = {

/* Begin PBXBuildFile section */
		CFD05A6C26FC5BA4007C1A04 /* AppDelegate.swift in Sources */ = {isa = PBXBuildFile; fileRef = CFD05A6B26FC5BA4007C1A04 /* AppDelegate.swift */; };
		CFD05A6E26FC5BA4007C1A04 /* SceneDelegate.swift in Sources */ = {isa = PBXBuildFile; fileRef = CFD05A6D26FC5BA4007C1A04 /* SceneDelegate.swift */; };
		CFD05A7026FC5BA4007C1A04 /* ViewController.swift in Sources */ = {isa = PBXBuildFile; fileRef = CFD05A6F26FC5BA4007C1A04 /* ViewController.swift */; };
		CFD05A7326FC5BA4007C1A04 /* Main.storyboard in Resources */ = {isa = PBXBuildFile; fileRef = CFD05A7126FC5BA4007C1A04 /* Main.storyboard */; };
		CFD05A7526FC5BA7007C1A04 /* Assets.xcassets in Resources */ = {isa = PBXBuildFile; fileRef = CFD05A7426FC5BA7007C1A04 /* Assets.xcassets */; };
		CFD05A7826FC5BA7007C1A04 /* LaunchScreen.storyboard in Resources */ = {isa = PBXBuildFile; fileRef = CFD05A7626FC5BA7007C1A04 /* LaunchScreen.storyboard */; };
		CFD05A8126FC5BF0007C1A04 /* SideMenu in Frameworks */ = {isa = PBXBuildFile; productRef = CFD05A8026FC5BF0007C1A04 /* SideMenu */; };
		CFD05A8626FC646A007C1A04 /* SideMenuViewController.swift in Sources */ = {isa = PBXBuildFile; fileRef = CFD05A8526FC646A007C1A04 /* SideMenuViewController.swift */; };
/* End PBXBuildFile section */

/* Begin PBXFileReference section */
		CFD05A6826FC5BA4007C1A04 /* sidemenuintro2.app */ = {isa = PBXFileReference; explicitFileType = wrapper.application; includeInIndex = 0; path = sidemenuintro2.app; sourceTree = BUILT_PRODUCTS_DIR; };
		CFD05A6B26FC5BA4007C1A04 /* AppDelegate.swift */ = {isa = PBXFileReference; lastKnownFileType = sourcecode.swift; path = AppDelegate.swift; sourceTree = "<group>"; };
		CFD05A6D26FC5BA4007C1A04 /* SceneDelegate.swift */ = {isa = PBXFileReference; lastKnownFileType = sourcecode.swift; path = SceneDelegate.swift; sourceTree = "<group>"; };
		CFD05A6F26FC5BA4007C1A04 /* ViewController.swift */ = {isa = PBXFileReference; lastKnownFileType = sourcecode.swift; path = ViewController.swift; sourceTree = "<group>"; };
		CFD05A7226FC5BA4007C1A04 /* Base */ = {isa = PBXFileReference; lastKnownFileType = file.storyboard; name = Base; path = Base.lproj/Main.storyboard; sourceTree = "<group>"; };
		CFD05A7426FC5BA7007C1A04 /* Assets.xcassets */ = {isa = PBXFileReference; lastKnownFileType = folder.assetcatalog; path = Assets.xcassets; sourceTree = "<group>"; };
		CFD05A7726FC5BA7007C1A04 /* Base */ = {isa = PBXFileReference; lastKnownFileType = file.storyboard; name = Base; path = Base.lproj/LaunchScreen.storyboard; sourceTree = "<group>"; };
		CFD05A7926FC5BA7007C1A04 /* Info.plist */ = {isa = PBXFileReference; lastKnownFileType = text.plist.xml; path = Info.plist; sourceTree = "<group>"; };
		CFD05A8526FC646A007C1A04 /* SideMenuViewController.swift */ = {isa = PBXFileReference; lastKnownFileType = sourcecode.swift; path = SideMenuViewController.swift; sourceTree = "<group>"; };
/* End PBXFileReference section */

/* Begin PBXFrameworksBuildPhase section */
		CFD05A6526FC5BA4007C1A04 /* Frameworks */ = {
			isa = PBXFrameworksBuildPhase;
			buildActionMask = 2147483647;
			files = (
				CFD05A8126FC5BF0007C1A04 /* SideMenu in Frameworks */,
			);
			runOnlyForDeploymentPostprocessing = 0;
		};
/* End PBXFrameworksBuildPhase section */

/* Begin PBXGroup section */
		CFD05A5F26FC5BA4007C1A04 = {
			isa = PBXGroup;
			children = (
				CFD05A6A26FC5BA4007C1A04 /* sidemenuintro2 */,
				CFD05A6926FC5BA4007C1A04 /* Products */,
			);
			sourceTree = "<group>";
		};
		CFD05A6926FC5BA4007C1A04 /* Products */ = {
			isa = PBXGroup;
			children = (
				CFD05A6826FC5BA4007C1A04 /* sidemenuintro2.app */,
			);
			name = Products;
			sourceTree = "<group>";
		};
		CFD05A6A26FC5BA4007C1A04 /* sidemenuintro2 */ = {
			isa = PBXGroup;
			children = (
				CFD05A6B26FC5BA4007C1A04 /* AppDelegate.swift */,
				CFD05A6D26FC5BA4007C1A04 /* SceneDelegate.swift */,
				CFD05A8226FC5C58007C1A04 /* Controllers */,
				CFD05A7126FC5BA4007C1A04 /* Main.storyboard */,
				CFD05A7426FC5BA7007C1A04 /* Assets.xcassets */,
				CFD05A7626FC5BA7007C1A04 /* LaunchScreen.storyboard */,
				CFD05A7926FC5BA7007C1A04 /* Info.plist */,
			);
			path = sidemenuintro2;
			sourceTree = "<group>";
		};
		CFD05A8226FC5C58007C1A04 /* Controllers */ = {
			isa = PBXGroup;
			children = (
				CFD05A6F26FC5BA4007C1A04 /* ViewController.swift */,
				CFD05A8526FC646A007C1A04 /* SideMenuViewController.swift */,
			);
			path = Controllers;
			sourceTree = "<group>";
		};
/* End PBXGroup section */

/* Begin PBXNativeTarget section */
		CFD05A6726FC5BA4007C1A04 /* sidemenuintro2 */ = {
			isa = PBXNativeTarget;
			buildConfigurationList = CFD05A7C26FC5BA7007C1A04 /* Build configuration list for PBXNativeTarget "sidemenuintro2" */;
			buildPhases = (
				CFD05A6426FC5BA4007C1A04 /* Sources */,
				CFD05A6526FC5BA4007C1A04 /* Frameworks */,
				CFD05A6626FC5BA4007C1A04 /* Resources */,
			);
			buildRules = (
			);
			dependencies = (
			);
			name = sidemenuintro2;
			packageProductDependencies = (
				CFD05A8026FC5BF0007C1A04 /* SideMenu */,
			);
			productName = sidemenuintro2;
			productReference = CFD05A6826FC5BA4007C1A04 /* sidemenuintro2.app */;
			productType = "com.apple.product-type.application";
		};
/* End PBXNativeTarget section */

/* Begin PBXProject section */
		CFD05A6026FC5BA4007C1A04 /* Project object */ = {
			isa = PBXProject;
			attributes = {
				BuildIndependentTargetsInParallel = 1;
				LastSwiftUpdateCheck = 1300;
				LastUpgradeCheck = 1300;
				TargetAttributes = {
					CFD05A6726FC5BA4007C1A04 = {
						CreatedOnToolsVersion = 13.0;
					};
				};
			};
			buildConfigurationList = CFD05A6326FC5BA4007C1A04 /* Build configuration list for PBXProject "sidemenuintro2" */;
			compatibilityVersion = "Xcode 13.0";
			developmentRegion = en;
			hasScannedForEncodings = 0;
			knownRegions = (
				en,
				Base,
			);
			mainGroup = CFD05A5F26FC5BA4007C1A04;
			packageReferences = (
				CFD05A7F26FC5BF0007C1A04 /* XCRemoteSwiftPackageReference "SideMenu" */,
			);
			productRefGroup = CFD05A6926FC5BA4007C1A04 /* Products */;
			projectDirPath = "";
			projectRoot = "";
			targets = (
				CFD05A6726FC5BA4007C1A04 /* sidemenuintro2 */,
			);
		};
/* End PBXProject section */

/* Begin PBXResourcesBuildPhase section */
		CFD05A6626FC5BA4007C1A04 /* Resources */ = {
			isa = PBXResourcesBuildPhase;
			buildActionMask = 2147483647;
			files = (
				CFD05A7826FC5BA7007C1A04 /* LaunchScreen.storyboard in Resources */,
				CFD05A7526FC5BA7007C1A04 /* Assets.xcassets in Resources */,
				CFD05A7326FC5BA4007C1A04 /* Main.storyboard in Resources */,
			);
			runOnlyForDeploymentPostprocessing = 0;
		};
/* End PBXResourcesBuildPhase section */

/* Begin PBXSourcesBuildPhase section */
		CFD05A6426FC5BA4007C1A04 /* Sources */ = {
			isa = PBXSourcesBuildPhase;
			buildActionMask = 2147483647;
			files = (
				CFD05A7026FC5BA4007C1A04 /* ViewController.swift in Sources */,
				CFD05A6C26FC5BA4007C1A04 /* AppDelegate.swift in Sources */,
				CFD05A6E26FC5BA4007C1A04 /* SceneDelegate.swift in Sources */,
				CFD05A8626FC646A007C1A04 /* SideMenuViewController.swift in Sources */,
			);
			runOnlyForDeploymentPostprocessing = 0;
		};
/* End PBXSourcesBuildPhase section */

/* Begin PBXVariantGroup section */
		CFD05A7126FC5BA4007C1A04 /* Main.storyboard */ = {
			isa = PBXVariantGroup;
			children = (
				CFD05A7226FC5BA4007C1A04 /* Base */,
			);
			name = Main.storyboard;
			sourceTree = "<group>";
		};
		CFD05A7626FC5BA7007C1A04 /* LaunchScreen.storyboard */ = {
			isa = PBXVariantGroup;
			children = (
				CFD05A7726FC5BA7007C1A04 /* Base */,
			);
			name = LaunchScreen.storyboard;
			sourceTree = "<group>";
		};
/* End PBXVariantGroup section */

/* Begin XCBuildConfiguration section */
		CFD05A7A26FC5BA7007C1A04 /* Debug */ = {
			isa = XCBuildConfiguration;
			buildSettings = {
				ALWAYS_SEARCH_USER_PATHS = NO;
				CLANG_ANALYZER_NONNULL = YES;
				CLANG_ANALYZER_NUMBER_OBJECT_CONVERSION = YES_AGGRESSIVE;
				CLANG_CXX_LANGUAGE_STANDARD = "gnu++17";
				CLANG_CXX_LIBRARY = "libc++";
				CLANG_ENABLE_MODULES = YES;
				CLANG_ENABLE_OBJC_ARC = YES;
				CLANG_ENABLE_OBJC_WEAK = YES;
				CLANG_WARN_BLOCK_CAPTURE_AUTORELEASING = YES;
				CLANG_WARN_BOOL_CONVERSION = YES;
				CLANG_WARN_COMMA = YES;
				CLANG_WARN_CONSTANT_CONVERSION = YES;
				CLANG_WARN_DEPRECATED_OBJC_IMPLEMENTATIONS = YES;
				CLANG_WARN_DIRECT_OBJC_ISA_USAGE = YES_ERROR;
				CLANG_WARN_DOCUMENTATION_COMMENTS = YES;
				CLANG_WARN_EMPTY_BODY = YES;
				CLANG_WARN_ENUM_CONVERSION = YES;
				CLANG_WARN_INFINITE_RECURSION = YES;
				CLANG_WARN_INT_CONVERSION = YES;
				CLANG_WARN_NON_LITERAL_NULL_CONVERSION = YES;
				CLANG_WARN_OBJC_IMPLICIT_RETAIN_SELF = YES;
				CLANG_WARN_OBJC_LITERAL_CONVERSION = YES;
				CLANG_WARN_OBJC_ROOT_CLASS = YES_ERROR;
				CLANG_WARN_QUOTED_INCLUDE_IN_FRAMEWORK_HEADER = YES;
				CLANG_WARN_RANGE_LOOP_ANALYSIS = YES;
				CLANG_WARN_STRICT_PROTOTYPES = YES;
				CLANG_WARN_SUSPICIOUS_MOVE = YES;
				CLANG_WARN_UNGUARDED_AVAILABILITY = YES_AGGRESSIVE;
				CLANG_WARN_UNREACHABLE_CODE = YES;
				CLANG_WARN__DUPLICATE_METHOD_MATCH = YES;
				COPY_PHASE_STRIP = NO;
				DEBUG_INFORMATION_FORMAT = dwarf;
				ENABLE_STRICT_OBJC_MSGSEND = YES;
				ENABLE_TESTABILITY = YES;
				GCC_C_LANGUAGE_STANDARD = gnu11;
				GCC_DYNAMIC_NO_PIC = NO;
				GCC_NO_COMMON_BLOCKS = YES;
				GCC_OPTIMIZATION_LEVEL = 0;
				GCC_PREPROCESSOR_DEFINITIONS = (
					"DEBUG=1",
					"$(inherited)",
				);
				GCC_WARN_64_TO_32_BIT_CONVERSION = YES;
				GCC_WARN_ABOUT_RETURN_TYPE = YES_ERROR;
				GCC_WARN_UNDECLARED_SELECTOR = YES;
				GCC_WARN_UNINITIALIZED_AUTOS = YES_AGGRESSIVE;
				GCC_WARN_UNUSED_FUNCTION = YES;
				GCC_WARN_UNUSED_VARIABLE = YES;
				IPHONEOS_DEPLOYMENT_TARGET = 15.0;
				MTL_ENABLE_DEBUG_INFO = INCLUDE_SOURCE;
				MTL_FAST_MATH = YES;
				ONLY_ACTIVE_ARCH = YES;
				SDKROOT = iphoneos;
				SWIFT_ACTIVE_COMPILATION_CONDITIONS = DEBUG;
				SWIFT_OPTIMIZATION_LEVEL = "-Onone";
			};
			name = Debug;
		};
		CFD05A7B26FC5BA7007C1A04 /* Release */ = {
			isa = XCBuildConfiguration;
			buildSettings = {
				ALWAYS_SEARCH_USER_PATHS = NO;
				CLANG_ANALYZER_NONNULL = YES;
				CLANG_ANALYZER_NUMBER_OBJECT_CONVERSION = YES_AGGRESSIVE;
				CLANG_CXX_LANGUAGE_STANDARD = "gnu++17";
				CLANG_CXX_LIBRARY = "libc++";
				CLANG_ENABLE_MODULES = YES;
				CLANG_ENABLE_OBJC_ARC = YES;
				CLANG_ENABLE_OBJC_WEAK = YES;
				CLANG_WARN_BLOCK_CAPTURE_AUTORELEASING = YES;
				CLANG_WARN_BOOL_CONVERSION = YES;
				CLANG_WARN_COMMA = YES;
				CLANG_WARN_CONSTANT_CONVERSION = YES;
				CLANG_WARN_DEPRECATED_OBJC_IMPLEMENTATIONS = YES;
				CLANG_WARN_DIRECT_OBJC_ISA_USAGE = YES_ERROR;
				CLANG_WARN_DOCUMENTATION_COMMENTS = YES;
				CLANG_WARN_EMPTY_BODY = YES;
				CLANG_WARN_ENUM_CONVERSION = YES;
				CLANG_WARN_INFINITE_RECURSION = YES;
				CLANG_WARN_INT_CONVERSION = YES;
				CLANG_WARN_NON_LITERAL_NULL_CONVERSION = YES;
				CLANG_WARN_OBJC_IMPLICIT_RETAIN_SELF = YES;
				CLANG_WARN_OBJC_LITERAL_CONVERSION = YES;
				CLANG_WARN_OBJC_ROOT_CLASS = YES_ERROR;
				CLANG_WARN_QUOTED_INCLUDE_IN_FRAMEWORK_HEADER = YES;
				CLANG_WARN_RANGE_LOOP_ANALYSIS = YES;
				CLANG_WARN_STRICT_PROTOTYPES = YES;
				CLANG_WARN_SUSPICIOUS_MOVE = YES;
				CLANG_WARN_UNGUARDED_AVAILABILITY = YES_AGGRESSIVE;
				CLANG_WARN_UNREACHABLE_CODE = YES;
				CLANG_WARN__DUPLICATE_METHOD_MATCH = YES;
				COPY_PHASE_STRIP = NO;
				DEBUG_INFORMATION_FORMAT = "dwarf-with-dsym";
				ENABLE_NS_ASSERTIONS = NO;
				ENABLE_STRICT_OBJC_MSGSEND = YES;
				GCC_C_LANGUAGE_STANDARD = gnu11;
				GCC_NO_COMMON_BLOCKS = YES;
				GCC_WARN_64_TO_32_BIT_CONVERSION = YES;
				GCC_WARN_ABOUT_RETURN_TYPE = YES_ERROR;
				GCC_WARN_UNDECLARED_SELECTOR = YES;
				GCC_WARN_UNINITIALIZED_AUTOS = YES_AGGRESSIVE;
				GCC_WARN_UNUSED_FUNCTION = YES;
				GCC_WARN_UNUSED_VARIABLE = YES;
				IPHONEOS_DEPLOYMENT_TARGET = 15.0;
				MTL_ENABLE_DEBUG_INFO = NO;
				MTL_FAST_MATH = YES;
				SDKROOT = iphoneos;
				SWIFT_COMPILATION_MODE = wholemodule;
				SWIFT_OPTIMIZATION_LEVEL = "-O";
				VALIDATE_PRODUCT = YES;
			};
			name = Release;
		};
		CFD05A7D26FC5BA7007C1A04 /* Debug */ = {
			isa = XCBuildConfiguration;
			buildSettings = {
				ASSETCATALOG_COMPILER_APPICON_NAME = AppIcon;
				ASSETCATALOG_COMPILER_GLOBAL_ACCENT_COLOR_NAME = AccentColor;
				CODE_SIGN_STYLE = Automatic;
				CURRENT_PROJECT_VERSION = 1;
				DEVELOPMENT_TEAM = XS2R7967QT;
				GENERATE_INFOPLIST_FILE = YES;
				INFOPLIST_FILE = sidemenuintro2/Info.plist;
				INFOPLIST_KEY_UIApplicationSupportsIndirectInputEvents = YES;
				INFOPLIST_KEY_UILaunchStoryboardName = LaunchScreen;
				INFOPLIST_KEY_UIMainStoryboardFile = Main;
				INFOPLIST_KEY_UISupportedInterfaceOrientations_iPad = "UIInterfaceOrientationPortrait UIInterfaceOrientationPortraitUpsideDown UIInterfaceOrientationLandscapeLeft UIInterfaceOrientationLandscapeRight";
				INFOPLIST_KEY_UISupportedInterfaceOrientations_iPhone = "UIInterfaceOrientationPortrait UIInterfaceOrientationLandscapeLeft UIInterfaceOrientationLandscapeRight";
				LD_RUNPATH_SEARCH_PATHS = (
					"$(inherited)",
					"@executable_path/Frameworks",
				);
				MARKETING_VERSION = 1.0;
				PRODUCT_BUNDLE_IDENTIFIER = cow.iwaski.sidemenuintro2;
				PRODUCT_NAME = "$(TARGET_NAME)";
				SWIFT_EMIT_LOC_STRINGS = YES;
				SWIFT_VERSION = 5.0;
				TARGETED_DEVICE_FAMILY = "1,2";
			};
			name = Debug;
		};
		CFD05A7E26FC5BA7007C1A04 /* Release */ = {
			isa = XCBuildConfiguration;
			buildSettings = {
				ASSETCATALOG_COMPILER_APPICON_NAME = AppIcon;
				ASSETCATALOG_COMPILER_GLOBAL_ACCENT_COLOR_NAME = AccentColor;
				CODE_SIGN_STYLE = Automatic;
				CURRENT_PROJECT_VERSION = 1;
				DEVELOPMENT_TEAM = XS2R7967QT;
				GENERATE_INFOPLIST_FILE = YES;
				INFOPLIST_FILE = sidemenuintro2/Info.plist;
				INFOPLIST_KEY_UIApplicationSupportsIndirectInputEvents = YES;
				INFOPLIST_KEY_UILaunchStoryboardName = LaunchScreen;
				INFOPLIST_KEY_UIMainStoryboardFile = Main;
				INFOPLIST_KEY_UISupportedInterfaceOrientations_iPad = "UIInterfaceOrientationPortrait UIInterfaceOrientationPortraitUpsideDown UIInterfaceOrientationLandscapeLeft UIInterfaceOrientationLandscapeRight";
				INFOPLIST_KEY_UISupportedInterfaceOrientations_iPhone = "UIInterfaceOrientationPortrait UIInterfaceOrientationLandscapeLeft UIInterfaceOrientationLandscapeRight";
				LD_RUNPATH_SEARCH_PATHS = (
					"$(inherited)",
					"@executable_path/Frameworks",
				);
				MARKETING_VERSION = 1.0;
				PRODUCT_BUNDLE_IDENTIFIER = cow.iwaski.sidemenuintro2;
				PRODUCT_NAME = "$(TARGET_NAME)";
				SWIFT_EMIT_LOC_STRINGS = YES;
				SWIFT_VERSION = 5.0;
				TARGETED_DEVICE_FAMILY = "1,2";
			};
			name = Release;
		};
/* End XCBuildConfiguration section */

/* Begin XCConfigurationList section */
		CFD05A6326FC5BA4007C1A04 /* Build configuration list for PBXProject "sidemenuintro2" */ = {
			isa = XCConfigurationList;
			buildConfigurations = (
				CFD05A7A26FC5BA7007C1A04 /* Debug */,
				CFD05A7B26FC5BA7007C1A04 /* Release */,
			);
			defaultConfigurationIsVisible = 0;
			defaultConfigurationName = Release;
		};
		CFD05A7C26FC5BA7007C1A04 /* Build configuration list for PBXNativeTarget "sidemenuintro2" */ = {
			isa = XCConfigurationList;
			buildConfigurations = (
				CFD05A7D26FC5BA7007C1A04 /* Debug */,
				CFD05A7E26FC5BA7007C1A04 /* Release */,
			);
			defaultConfigurationIsVisible = 0;
			defaultConfigurationName = Release;
		};
/* End XCConfigurationList section */

/* Begin XCRemoteSwiftPackageReference section */
		CFD05A7F26FC5BF0007C1A04 /* XCRemoteSwiftPackageReference "SideMenu" */ = {
			isa = XCRemoteSwiftPackageReference;
			repositoryURL = "https://github.com/jonkykong/SideMenu.git";
			requirement = {
				branch = master;
				kind = branch;
			};
		};
/* End XCRemoteSwiftPackageReference section */

/* Begin XCSwiftPackageProductDependency section */
		CFD05A8026FC5BF0007C1A04 /* SideMenu */ = {
			isa = XCSwiftPackageProductDependency;
			package = CFD05A7F26FC5BF0007C1A04 /* XCRemoteSwiftPackageReference "SideMenu" */;
			productName = SideMenu;
		};
/* End XCSwiftPackageProductDependency section */
	};
	rootObject = CFD05A6026FC5BA4007C1A04 /* Project object */;
}
